
Microsoft Visual Studio Solution File, Format Version 12.00
# Visual Studio Version 17
VisualStudioVersion = 17.0.32112.339
MinimumVisualStudioVersion = 10.0.40219.1
Project("{FAE04EC0-301F-11D3-BF4B-00C04F79EFBC}") = "prac6_console", "prac6_console\prac6_console.csproj", "{59643E13-5114-4B21-B258-71D5E658812C}"
EndProject
Global
	GlobalSection(SolutionConfigurationPlatforms) = preSolution
		Debug|Any CPU = Debug|Any CPU
		Release|Any CPU = Release|Any CPU
	EndGlobalSection
	GlobalSection(ProjectConfigurationPlatforms) = postSolution
		{59643E13-5114-4B21-B258-71D5E658812C}.Debug|Any CPU.ActiveCfg = Debug|Any CPU
		{59643E13-5114-4B21-B258-71D5E658812C}.Debug|Any CPU.Build.0 = Debug|Any CPU
		{59643E13-5114-4B21-B258-71D5E658812C}.Release|Any CPU.ActiveCfg = Release|Any CPU
		{59643E13-5114-4B21-B258-71D5E658812C}.Release|Any CPU.Build.0 = Release|Any CPU
	EndGlobalSection
	GlobalSection(SolutionProperties) = preSolution
		HideSolutionNode = FALSE
	EndGlobalSection
	GlobalSection(ExtensibilityGlobals) = postSolution
		SolutionGuid = {13F5BBD4-3F44-4DB8-BC08-6260C3827E69}
	EndGlobalSection
EndGlobal
