
Microsoft Visual Studio Solution File, Format Version 12.00
# Visual Studio Version 17
VisualStudioVersion = 17.2.32516.85
MinimumVisualStudioVersion = 10.0.40219.1
Project("{FAE04EC0-301F-11D3-BF4B-00C04F79EFBC}") = "prac7_console", "prac7_console\prac7_console.csproj", "{BD937E14-4AE0-473F-A1CE-840347C1CD8C}"
EndProject
Global
	GlobalSection(SolutionConfigurationPlatforms) = preSolution
		Debug|Any CPU = Debug|Any CPU
		Release|Any CPU = Release|Any CPU
	EndGlobalSection
	GlobalSection(ProjectConfigurationPlatforms) = postSolution
		{BD937E14-4AE0-473F-A1CE-840347C1CD8C}.Debug|Any CPU.ActiveCfg = Debug|Any CPU
		{BD937E14-4AE0-473F-A1CE-840347C1CD8C}.Debug|Any CPU.Build.0 = Debug|Any CPU
		{BD937E14-4AE0-473F-A1CE-840347C1CD8C}.Release|Any CPU.ActiveCfg = Release|Any CPU
		{BD937E14-4AE0-473F-A1CE-840347C1CD8C}.Release|Any CPU.Build.0 = Release|Any CPU
	EndGlobalSection
	GlobalSection(SolutionProperties) = preSolution
		HideSolutionNode = FALSE
	EndGlobalSection
	GlobalSection(ExtensibilityGlobals) = postSolution
		SolutionGuid = {F9043F35-F9E1-4EF6-BCA8-9F003E72FF73}
	EndGlobalSection
EndGlobal
