
Microsoft Visual Studio Solution File, Format Version 12.00
# Visual Studio Version 17
VisualStudioVersion = 17.0.32112.339
MinimumVisualStudioVersion = 10.0.40219.1
Project("{FAE04EC0-301F-11D3-BF4B-00C04F79EFBC}") = "prac1_console", "prac1_console\prac1_console.csproj", "{8398DA05-5713-4841-8AED-FC94CA824265}"
EndProject
Global
	GlobalSection(SolutionConfigurationPlatforms) = preSolution
		Debug|Any CPU = Debug|Any CPU
		Release|Any CPU = Release|Any CPU
	EndGlobalSection
	GlobalSection(ProjectConfigurationPlatforms) = postSolution
		{8398DA05-5713-4841-8AED-FC94CA824265}.Debug|Any CPU.ActiveCfg = Debug|Any CPU
		{8398DA05-5713-4841-8AED-FC94CA824265}.Debug|Any CPU.Build.0 = Debug|Any CPU
		{8398DA05-5713-4841-8AED-FC94CA824265}.Release|Any CPU.ActiveCfg = Release|Any CPU
		{8398DA05-5713-4841-8AED-FC94CA824265}.Release|Any CPU.Build.0 = Release|Any CPU
	EndGlobalSection
	GlobalSection(SolutionProperties) = preSolution
		HideSolutionNode = FALSE
	EndGlobalSection
	GlobalSection(ExtensibilityGlobals) = postSolution
		SolutionGuid = {FC20CB73-3407-4507-B32F-F83F3DDB23CF}
	EndGlobalSection
EndGlobal
